// !$*UTF8*$!
{
	archiveVersion = 1;
	classes = {
	};
	objectVersion = 56;
	objects = {

/* Begin PBXBuildFile section */
		C5035CCF2AA4ABEC00B3F3C3 /* CustomUserDefaultsObject.swift in Sources */ = {isa = PBXBuildFile; fileRef = C5035CCE2AA4ABEC00B3F3C3 /* CustomUserDefaultsObject.swift */; };
		C5035CD12AA4ADC100B3F3C3 /* MainViewModel.swift in Sources */ = {isa = PBXBuildFile; fileRef = C5035CD02AA4ADC100B3F3C3 /* MainViewModel.swift */; };
		C5035CD32AA4AF6300B3F3C3 /* InputViewModel.swift in Sources */ = {isa = PBXBuildFile; fileRef = C5035CD22AA4AF6300B3F3C3 /* InputViewModel.swift */; };
		C5305F082AC9A9A1007F1914 /* Constants.swift in Sources */ = {isa = PBXBuildFile; fileRef = C5305F072AC9A9A1007F1914 /* Constants.swift */; };
		C5305F0B2ACA2691007F1914 /* StatsView.swift in Sources */ = {isa = PBXBuildFile; fileRef = C5305F0A2ACA2691007F1914 /* StatsView.swift */; };
		C5305F0D2ACA26BB007F1914 /* StatsViewModel.swift in Sources */ = {isa = PBXBuildFile; fileRef = C5305F0C2ACA26BB007F1914 /* StatsViewModel.swift */; };
		C57675A72AA384CE009CC959 /* Bela_BlokApp.swift in Sources */ = {isa = PBXBuildFile; fileRef = C57675A62AA384CE009CC959 /* Bela_BlokApp.swift */; };
		C57675A92AA384CE009CC959 /* MainView.swift in Sources */ = {isa = PBXBuildFile; fileRef = C57675A82AA384CE009CC959 /* MainView.swift */; };
		C57675AB2AA384D1009CC959 /* Assets.xcassets in Resources */ = {isa = PBXBuildFile; fileRef = C57675AA2AA384D1009CC959 /* Assets.xcassets */; };
		C57675AE2AA384D1009CC959 /* Preview Assets.xcassets in Resources */ = {isa = PBXBuildFile; fileRef = C57675AD2AA384D1009CC959 /* Preview Assets.xcassets */; };
		C57675B52AA387D0009CC959 /* ResultRow.swift in Sources */ = {isa = PBXBuildFile; fileRef = C57675B42AA387D0009CC959 /* ResultRow.swift */; };
		C599C4F42AB762590011CA2B /* DealerView.swift in Sources */ = {isa = PBXBuildFile; fileRef = C599C4F32AB762590011CA2B /* DealerView.swift */; };
		C599C4F72AB77FE70011CA2B /* HistoryView.swift in Sources */ = {isa = PBXBuildFile; fileRef = C599C4F62AB77FE70011CA2B /* HistoryView.swift */; };
		C599C4F92AB77FF80011CA2B /* HistoryViewModel.swift in Sources */ = {isa = PBXBuildFile; fileRef = C599C4F82AB77FF80011CA2B /* HistoryViewModel.swift */; };
		C59C1BDA2AB5FC4300E34056 /* Dealer.swift in Sources */ = {isa = PBXBuildFile; fileRef = C59C1BD92AB5FC4300E34056 /* Dealer.swift */; };
		C59C1BDD2AB5FDB400E34056 /* Caller.swift in Sources */ = {isa = PBXBuildFile; fileRef = C59C1BDC2AB5FDB400E34056 /* Caller.swift */; };
		C5A3E2092AA4AA700016EC3C /* AppState.swift in Sources */ = {isa = PBXBuildFile; fileRef = C5A3E2082AA4AA700016EC3C /* AppState.swift */; };
		C5DB888E2AA398E900D702E0 /* InputView.swift in Sources */ = {isa = PBXBuildFile; fileRef = C5DB888D2AA398E900D702E0 /* InputView.swift */; };
		C5DB88912AA39EC800D702E0 /* UnderlinedTextField.swift in Sources */ = {isa = PBXBuildFile; fileRef = C5DB88902AA39EC800D702E0 /* UnderlinedTextField.swift */; };
		C5DB88942AA3A42A00D702E0 /* Game.swift in Sources */ = {isa = PBXBuildFile; fileRef = C5DB88932AA3A42A00D702E0 /* Game.swift */; };
		C5DB88962AA3A74800D702E0 /* RoundedAccentButton.swift in Sources */ = {isa = PBXBuildFile; fileRef = C5DB88952AA3A74800D702E0 /* RoundedAccentButton.swift */; };
/* End PBXBuildFile section */

/* Begin PBXFileReference section */
		C5035CCE2AA4ABEC00B3F3C3 /* CustomUserDefaultsObject.swift */ = {isa = PBXFileReference; lastKnownFileType = sourcecode.swift; path = CustomUserDefaultsObject.swift; sourceTree = "<group>"; };
		C5035CD02AA4ADC100B3F3C3 /* MainViewModel.swift */ = {isa = PBXFileReference; lastKnownFileType = sourcecode.swift; path = MainViewModel.swift; sourceTree = "<group>"; };
		C5035CD22AA4AF6300B3F3C3 /* InputViewModel.swift */ = {isa = PBXFileReference; lastKnownFileType = sourcecode.swift; path = InputViewModel.swift; sourceTree = "<group>"; };
		C5305F072AC9A9A1007F1914 /* Constants.swift */ = {isa = PBXFileReference; lastKnownFileType = sourcecode.swift; path = Constants.swift; sourceTree = "<group>"; };
		C5305F0A2ACA2691007F1914 /* StatsView.swift */ = {isa = PBXFileReference; lastKnownFileType = sourcecode.swift; path = StatsView.swift; sourceTree = "<group>"; };
		C5305F0C2ACA26BB007F1914 /* StatsViewModel.swift */ = {isa = PBXFileReference; lastKnownFileType = sourcecode.swift; path = StatsViewModel.swift; sourceTree = "<group>"; };
		C57675A32AA384CE009CC959 /* Bela Blok.app */ = {isa = PBXFileReference; explicitFileType = wrapper.application; includeInIndex = 0; path = "Bela Blok.app"; sourceTree = BUILT_PRODUCTS_DIR; };
		C57675A62AA384CE009CC959 /* Bela_BlokApp.swift */ = {isa = PBXFileReference; lastKnownFileType = sourcecode.swift; path = Bela_BlokApp.swift; sourceTree = "<group>"; };
		C57675A82AA384CE009CC959 /* MainView.swift */ = {isa = PBXFileReference; lastKnownFileType = sourcecode.swift; path = MainView.swift; sourceTree = "<group>"; };
		C57675AA2AA384D1009CC959 /* Assets.xcassets */ = {isa = PBXFileReference; lastKnownFileType = folder.assetcatalog; path = Assets.xcassets; sourceTree = "<group>"; };
		C57675AD2AA384D1009CC959 /* Preview Assets.xcassets */ = {isa = PBXFileReference; lastKnownFileType = folder.assetcatalog; path = "Preview Assets.xcassets"; sourceTree = "<group>"; };
		C57675B42AA387D0009CC959 /* ResultRow.swift */ = {isa = PBXFileReference; lastKnownFileType = sourcecode.swift; path = ResultRow.swift; sourceTree = "<group>"; };
		C599C4F32AB762590011CA2B /* DealerView.swift */ = {isa = PBXFileReference; lastKnownFileType = sourcecode.swift; path = DealerView.swift; sourceTree = "<group>"; };
		C599C4F62AB77FE70011CA2B /* HistoryView.swift */ = {isa = PBXFileReference; lastKnownFileType = sourcecode.swift; path = HistoryView.swift; sourceTree = "<group>"; };
		C599C4F82AB77FF80011CA2B /* HistoryViewModel.swift */ = {isa = PBXFileReference; lastKnownFileType = sourcecode.swift; path = HistoryViewModel.swift; sourceTree = "<group>"; };
		C59C1BD92AB5FC4300E34056 /* Dealer.swift */ = {isa = PBXFileReference; lastKnownFileType = sourcecode.swift; path = Dealer.swift; sourceTree = "<group>"; };
		C59C1BDC2AB5FDB400E34056 /* Caller.swift */ = {isa = PBXFileReference; lastKnownFileType = sourcecode.swift; path = Caller.swift; sourceTree = "<group>"; };
		C5A3E2082AA4AA700016EC3C /* AppState.swift */ = {isa = PBXFileReference; lastKnownFileType = sourcecode.swift; path = AppState.swift; sourceTree = "<group>"; };
		C5DB888D2AA398E900D702E0 /* InputView.swift */ = {isa = PBXFileReference; lastKnownFileType = sourcecode.swift; path = InputView.swift; sourceTree = "<group>"; };
		C5DB88902AA39EC800D702E0 /* UnderlinedTextField.swift */ = {isa = PBXFileReference; lastKnownFileType = sourcecode.swift; path = UnderlinedTextField.swift; sourceTree = "<group>"; };
		C5DB88932AA3A42A00D702E0 /* Game.swift */ = {isa = PBXFileReference; lastKnownFileType = sourcecode.swift; path = Game.swift; sourceTree = "<group>"; };
		C5DB88952AA3A74800D702E0 /* RoundedAccentButton.swift */ = {isa = PBXFileReference; lastKnownFileType = sourcecode.swift; path = RoundedAccentButton.swift; sourceTree = "<group>"; };
/* End PBXFileReference section */

/* Begin PBXFrameworksBuildPhase section */
		C57675A02AA384CE009CC959 /* Frameworks */ = {
			isa = PBXFrameworksBuildPhase;
			buildActionMask = 2147483647;
			files = (
			);
			runOnlyForDeploymentPostprocessing = 0;
		};
/* End PBXFrameworksBuildPhase section */

/* Begin PBXGroup section */
		C5035CCD2AA4ABD900B3F3C3 /* Wrapper */ = {
			isa = PBXGroup;
			children = (
				C5035CCE2AA4ABEC00B3F3C3 /* CustomUserDefaultsObject.swift */,
			);
			path = Wrapper;
			sourceTree = "<group>";
		};
		C5305F092ACA2684007F1914 /* StatsModule */ = {
			isa = PBXGroup;
			children = (
				C5305F0A2ACA2691007F1914 /* StatsView.swift */,
				C5305F0C2ACA26BB007F1914 /* StatsViewModel.swift */,
			);
			path = StatsModule;
			sourceTree = "<group>";
		};
		C54739C22AA3961F0097BAFD /* Resources */ = {
			isa = PBXGroup;
			children = (
				C57675AC2AA384D1009CC959 /* Preview Content */,
				C57675AA2AA384D1009CC959 /* Assets.xcassets */,
			);
			path = Resources;
			sourceTree = "<group>";
		};
		C54739C32AA396380097BAFD /* Sources */ = {
			isa = PBXGroup;
			children = (
				C54739C42AA396520097BAFD /* Modules */,
				C57675A62AA384CE009CC959 /* Bela_BlokApp.swift */,
				C5A3E2082AA4AA700016EC3C /* AppState.swift */,
			);
			path = Sources;
			sourceTree = "<group>";
		};
		C54739C42AA396520097BAFD /* Modules */ = {
			isa = PBXGroup;
			children = (
				C5305F092ACA2684007F1914 /* StatsModule */,
				C599C4F52AB77FD60011CA2B /* HistoryModule */,
				C59C1BD72AB5F8AB00E34056 /* Common */,
				C5DB888C2AA398DB00D702E0 /* InputModule */,
				C54739C52AA396570097BAFD /* MainModule */,
			);
			path = Modules;
			sourceTree = "<group>";
		};
		C54739C52AA396570097BAFD /* MainModule */ = {
			isa = PBXGroup;
			children = (
				C59C1BD82AB5FC3800E34056 /* Model */,
				C54739C62AA396620097BAFD /* SupportingView */,
				C57675A82AA384CE009CC959 /* MainView.swift */,
				C5035CD02AA4ADC100B3F3C3 /* MainViewModel.swift */,
			);
			path = MainModule;
			sourceTree = "<group>";
		};
		C54739C62AA396620097BAFD /* SupportingView */ = {
			isa = PBXGroup;
			children = (
				C57675B42AA387D0009CC959 /* ResultRow.swift */,
				C599C4F32AB762590011CA2B /* DealerView.swift */,
			);
			path = SupportingView;
			sourceTree = "<group>";
		};
		C576759A2AA384CE009CC959 = {
			isa = PBXGroup;
			children = (
				C57675A52AA384CE009CC959 /* Bela Blok */,
				C57675A42AA384CE009CC959 /* Products */,
			);
			sourceTree = "<group>";
		};
		C57675A42AA384CE009CC959 /* Products */ = {
			isa = PBXGroup;
			children = (
				C57675A32AA384CE009CC959 /* Bela Blok.app */,
			);
			name = Products;
			sourceTree = "<group>";
		};
		C57675A52AA384CE009CC959 /* Bela Blok */ = {
			isa = PBXGroup;
			children = (
				C54739C32AA396380097BAFD /* Sources */,
				C54739C22AA3961F0097BAFD /* Resources */,
			);
			path = "Bela Blok";
			sourceTree = "<group>";
		};
		C57675AC2AA384D1009CC959 /* Preview Content */ = {
			isa = PBXGroup;
			children = (
				C57675AD2AA384D1009CC959 /* Preview Assets.xcassets */,
			);
			path = "Preview Content";
			sourceTree = "<group>";
		};
		C599C4F52AB77FD60011CA2B /* HistoryModule */ = {
			isa = PBXGroup;
			children = (
				C599C4F62AB77FE70011CA2B /* HistoryView.swift */,
				C599C4F82AB77FF80011CA2B /* HistoryViewModel.swift */,
			);
			path = HistoryModule;
			sourceTree = "<group>";
		};
		C59C1BD72AB5F8AB00E34056 /* Common */ = {
			isa = PBXGroup;
			children = (
				C5DB88922AA3A41800D702E0 /* Model */,
			);
			path = Common;
			sourceTree = "<group>";
		};
		C59C1BD82AB5FC3800E34056 /* Model */ = {
			isa = PBXGroup;
			children = (
				C59C1BD92AB5FC4300E34056 /* Dealer.swift */,
			);
			path = Model;
			sourceTree = "<group>";
		};
		C59C1BDB2AB5FDAB00E34056 /* Model */ = {
			isa = PBXGroup;
			children = (
				C59C1BDC2AB5FDB400E34056 /* Caller.swift */,
			);
			path = Model;
			sourceTree = "<group>";
		};
		C5DB888C2AA398DB00D702E0 /* InputModule */ = {
			isa = PBXGroup;
			children = (
				C59C1BDB2AB5FDAB00E34056 /* Model */,
				C5DB888F2AA39EB400D702E0 /* SupportingView */,
				C5DB888D2AA398E900D702E0 /* InputView.swift */,
				C5035CD22AA4AF6300B3F3C3 /* InputViewModel.swift */,
			);
			path = InputModule;
			sourceTree = "<group>";
		};
		C5DB888F2AA39EB400D702E0 /* SupportingView */ = {
			isa = PBXGroup;
			children = (
				C5DB88902AA39EC800D702E0 /* UnderlinedTextField.swift */,
				C5DB88952AA3A74800D702E0 /* RoundedAccentButton.swift */,
			);
			path = SupportingView;
			sourceTree = "<group>";
		};
		C5DB88922AA3A41800D702E0 /* Model */ = {
			isa = PBXGroup;
			children = (
				C5035CCD2AA4ABD900B3F3C3 /* Wrapper */,
				C5DB88932AA3A42A00D702E0 /* Game.swift */,
				C5305F072AC9A9A1007F1914 /* Constants.swift */,
			);
			path = Model;
			sourceTree = "<group>";
		};
/* End PBXGroup section */

/* Begin PBXNativeTarget section */
		C57675A22AA384CE009CC959 /* Bela Blok */ = {
			isa = PBXNativeTarget;
			buildConfigurationList = C57675B12AA384D1009CC959 /* Build configuration list for PBXNativeTarget "Bela Blok" */;
			buildPhases = (
				C576759F2AA384CE009CC959 /* Sources */,
				C57675A02AA384CE009CC959 /* Frameworks */,
				C57675A12AA384CE009CC959 /* Resources */,
			);
			buildRules = (
			);
			dependencies = (
			);
			name = "Bela Blok";
			productName = "Bela Blok";
			productReference = C57675A32AA384CE009CC959 /* Bela Blok.app */;
			productType = "com.apple.product-type.application";
		};
/* End PBXNativeTarget section */

/* Begin PBXProject section */
		C576759B2AA384CE009CC959 /* Project object */ = {
			isa = PBXProject;
			attributes = {
				BuildIndependentTargetsInParallel = 1;
				LastSwiftUpdateCheck = 1430;
				LastUpgradeCheck = 1430;
				TargetAttributes = {
					C57675A22AA384CE009CC959 = {
						CreatedOnToolsVersion = 14.3.1;
					};
				};
			};
			buildConfigurationList = C576759E2AA384CE009CC959 /* Build configuration list for PBXProject "Bela Blok" */;
			compatibilityVersion = "Xcode 14.0";
			developmentRegion = en;
			hasScannedForEncodings = 0;
			knownRegions = (
				en,
				Base,
			);
			mainGroup = C576759A2AA384CE009CC959;
			productRefGroup = C57675A42AA384CE009CC959 /* Products */;
			projectDirPath = "";
			projectRoot = "";
			targets = (
				C57675A22AA384CE009CC959 /* Bela Blok */,
			);
		};
/* End PBXProject section */

/* Begin PBXResourcesBuildPhase section */
		C57675A12AA384CE009CC959 /* Resources */ = {
			isa = PBXResourcesBuildPhase;
			buildActionMask = 2147483647;
			files = (
				C57675AE2AA384D1009CC959 /* Preview Assets.xcassets in Resources */,
				C57675AB2AA384D1009CC959 /* Assets.xcassets in Resources */,
			);
			runOnlyForDeploymentPostprocessing = 0;
		};
/* End PBXResourcesBuildPhase section */

/* Begin PBXSourcesBuildPhase section */
		C576759F2AA384CE009CC959 /* Sources */ = {
			isa = PBXSourcesBuildPhase;
			buildActionMask = 2147483647;
			files = (
				C5DB88912AA39EC800D702E0 /* UnderlinedTextField.swift in Sources */,
				C57675A92AA384CE009CC959 /* MainView.swift in Sources */,
				C5DB88962AA3A74800D702E0 /* RoundedAccentButton.swift in Sources */,
				C59C1BDD2AB5FDB400E34056 /* Caller.swift in Sources */,
				C599C4F42AB762590011CA2B /* DealerView.swift in Sources */,
				C5A3E2092AA4AA700016EC3C /* AppState.swift in Sources */,
				C5DB888E2AA398E900D702E0 /* InputView.swift in Sources */,
				C599C4F72AB77FE70011CA2B /* HistoryView.swift in Sources */,
				C5305F0B2ACA2691007F1914 /* StatsView.swift in Sources */,
				C5035CD12AA4ADC100B3F3C3 /* MainViewModel.swift in Sources */,
				C57675A72AA384CE009CC959 /* Bela_BlokApp.swift in Sources */,
				C5035CCF2AA4ABEC00B3F3C3 /* CustomUserDefaultsObject.swift in Sources */,
				C5305F082AC9A9A1007F1914 /* Constants.swift in Sources */,
				C59C1BDA2AB5FC4300E34056 /* Dealer.swift in Sources */,
				C57675B52AA387D0009CC959 /* ResultRow.swift in Sources */,
				C5305F0D2ACA26BB007F1914 /* StatsViewModel.swift in Sources */,
				C5DB88942AA3A42A00D702E0 /* Game.swift in Sources */,
				C5035CD32AA4AF6300B3F3C3 /* InputViewModel.swift in Sources */,
				C599C4F92AB77FF80011CA2B /* HistoryViewModel.swift in Sources */,
			);
			runOnlyForDeploymentPostprocessing = 0;
		};
/* End PBXSourcesBuildPhase section */

/* Begin XCBuildConfiguration section */
		C57675AF2AA384D1009CC959 /* Debug */ = {
			isa = XCBuildConfiguration;
			buildSettings = {
				ALWAYS_SEARCH_USER_PATHS = NO;
				CLANG_ANALYZER_NONNULL = YES;
				CLANG_ANALYZER_NUMBER_OBJECT_CONVERSION = YES_AGGRESSIVE;
				CLANG_CXX_LANGUAGE_STANDARD = "gnu++20";
				CLANG_ENABLE_MODULES = YES;
				CLANG_ENABLE_OBJC_ARC = YES;
				CLANG_ENABLE_OBJC_WEAK = YES;
				CLANG_WARN_BLOCK_CAPTURE_AUTORELEASING = YES;
				CLANG_WARN_BOOL_CONVERSION = YES;
				CLANG_WARN_COMMA = YES;
				CLANG_WARN_CONSTANT_CONVERSION = YES;
				CLANG_WARN_DEPRECATED_OBJC_IMPLEMENTATIONS = YES;
				CLANG_WARN_DIRECT_OBJC_ISA_USAGE = YES_ERROR;
				CLANG_WARN_DOCUMENTATION_COMMENTS = YES;
				CLANG_WARN_EMPTY_BODY = YES;
				CLANG_WARN_ENUM_CONVERSION = YES;
				CLANG_WARN_INFINITE_RECURSION = YES;
				CLANG_WARN_INT_CONVERSION = YES;
				CLANG_WARN_NON_LITERAL_NULL_CONVERSION = YES;
				CLANG_WARN_OBJC_IMPLICIT_RETAIN_SELF = YES;
				CLANG_WARN_OBJC_LITERAL_CONVERSION = YES;
				CLANG_WARN_OBJC_ROOT_CLASS = YES_ERROR;
				CLANG_WARN_QUOTED_INCLUDE_IN_FRAMEWORK_HEADER = YES;
				CLANG_WARN_RANGE_LOOP_ANALYSIS = YES;
				CLANG_WARN_STRICT_PROTOTYPES = YES;
				CLANG_WARN_SUSPICIOUS_MOVE = YES;
				CLANG_WARN_UNGUARDED_AVAILABILITY = YES_AGGRESSIVE;
				CLANG_WARN_UNREACHABLE_CODE = YES;
				CLANG_WARN__DUPLICATE_METHOD_MATCH = YES;
				COPY_PHASE_STRIP = NO;
				DEBUG_INFORMATION_FORMAT = dwarf;
				ENABLE_STRICT_OBJC_MSGSEND = YES;
				ENABLE_TESTABILITY = YES;
				GCC_C_LANGUAGE_STANDARD = gnu11;
				GCC_DYNAMIC_NO_PIC = NO;
				GCC_NO_COMMON_BLOCKS = YES;
				GCC_OPTIMIZATION_LEVEL = 0;
				GCC_PREPROCESSOR_DEFINITIONS = (
					"DEBUG=1",
					"$(inherited)",
				);
				GCC_WARN_64_TO_32_BIT_CONVERSION = YES;
				GCC_WARN_ABOUT_RETURN_TYPE = YES_ERROR;
				GCC_WARN_UNDECLARED_SELECTOR = YES;
				GCC_WARN_UNINITIALIZED_AUTOS = YES_AGGRESSIVE;
				GCC_WARN_UNUSED_FUNCTION = YES;
				GCC_WARN_UNUSED_VARIABLE = YES;
				IPHONEOS_DEPLOYMENT_TARGET = 16.4;
				MTL_ENABLE_DEBUG_INFO = INCLUDE_SOURCE;
				MTL_FAST_MATH = YES;
				ONLY_ACTIVE_ARCH = YES;
				SDKROOT = iphoneos;
				SWIFT_ACTIVE_COMPILATION_CONDITIONS = DEBUG;
				SWIFT_OPTIMIZATION_LEVEL = "-Onone";
			};
			name = Debug;
		};
		C57675B02AA384D1009CC959 /* Release */ = {
			isa = XCBuildConfiguration;
			buildSettings = {
				ALWAYS_SEARCH_USER_PATHS = NO;
				CLANG_ANALYZER_NONNULL = YES;
				CLANG_ANALYZER_NUMBER_OBJECT_CONVERSION = YES_AGGRESSIVE;
				CLANG_CXX_LANGUAGE_STANDARD = "gnu++20";
				CLANG_ENABLE_MODULES = YES;
				CLANG_ENABLE_OBJC_ARC = YES;
				CLANG_ENABLE_OBJC_WEAK = YES;
				CLANG_WARN_BLOCK_CAPTURE_AUTORELEASING = YES;
				CLANG_WARN_BOOL_CONVERSION = YES;
				CLANG_WARN_COMMA = YES;
				CLANG_WARN_CONSTANT_CONVERSION = YES;
				CLANG_WARN_DEPRECATED_OBJC_IMPLEMENTATIONS = YES;
				CLANG_WARN_DIRECT_OBJC_ISA_USAGE = YES_ERROR;
				CLANG_WARN_DOCUMENTATION_COMMENTS = YES;
				CLANG_WARN_EMPTY_BODY = YES;
				CLANG_WARN_ENUM_CONVERSION = YES;
				CLANG_WARN_INFINITE_RECURSION = YES;
				CLANG_WARN_INT_CONVERSION = YES;
				CLANG_WARN_NON_LITERAL_NULL_CONVERSION = YES;
				CLANG_WARN_OBJC_IMPLICIT_RETAIN_SELF = YES;
				CLANG_WARN_OBJC_LITERAL_CONVERSION = YES;
				CLANG_WARN_OBJC_ROOT_CLASS = YES_ERROR;
				CLANG_WARN_QUOTED_INCLUDE_IN_FRAMEWORK_HEADER = YES;
				CLANG_WARN_RANGE_LOOP_ANALYSIS = YES;
				CLANG_WARN_STRICT_PROTOTYPES = YES;
				CLANG_WARN_SUSPICIOUS_MOVE = YES;
				CLANG_WARN_UNGUARDED_AVAILABILITY = YES_AGGRESSIVE;
				CLANG_WARN_UNREACHABLE_CODE = YES;
				CLANG_WARN__DUPLICATE_METHOD_MATCH = YES;
				COPY_PHASE_STRIP = NO;
				DEBUG_INFORMATION_FORMAT = "dwarf-with-dsym";
				ENABLE_NS_ASSERTIONS = NO;
				ENABLE_STRICT_OBJC_MSGSEND = YES;
				GCC_C_LANGUAGE_STANDARD = gnu11;
				GCC_NO_COMMON_BLOCKS = YES;
				GCC_WARN_64_TO_32_BIT_CONVERSION = YES;
				GCC_WARN_ABOUT_RETURN_TYPE = YES_ERROR;
				GCC_WARN_UNDECLARED_SELECTOR = YES;
				GCC_WARN_UNINITIALIZED_AUTOS = YES_AGGRESSIVE;
				GCC_WARN_UNUSED_FUNCTION = YES;
				GCC_WARN_UNUSED_VARIABLE = YES;
				IPHONEOS_DEPLOYMENT_TARGET = 16.4;
				MTL_ENABLE_DEBUG_INFO = NO;
				MTL_FAST_MATH = YES;
				SDKROOT = iphoneos;
				SWIFT_COMPILATION_MODE = wholemodule;
				SWIFT_OPTIMIZATION_LEVEL = "-O";
				VALIDATE_PRODUCT = YES;
			};
			name = Release;
		};
		C57675B22AA384D1009CC959 /* Debug */ = {
			isa = XCBuildConfiguration;
			buildSettings = {
				ASSETCATALOG_COMPILER_APPICON_NAME = AppIcon;
				ASSETCATALOG_COMPILER_GLOBAL_ACCENT_COLOR_NAME = AccentColor;
				CODE_SIGN_STYLE = Automatic;
				CURRENT_PROJECT_VERSION = 1;
				DEVELOPMENT_ASSET_PATHS = "\"Bela Blok/Resources/Preview Content\"";
				DEVELOPMENT_TEAM = 8Y9TGD2PJD;
				ENABLE_PREVIEWS = YES;
				GENERATE_INFOPLIST_FILE = YES;
				INFOPLIST_KEY_UIApplicationSceneManifest_Generation = YES;
				INFOPLIST_KEY_UIApplicationSupportsIndirectInputEvents = YES;
				INFOPLIST_KEY_UILaunchScreen_Generation = YES;
				INFOPLIST_KEY_UISupportedInterfaceOrientations_iPad = "UIInterfaceOrientationPortrait UIInterfaceOrientationPortraitUpsideDown UIInterfaceOrientationLandscapeLeft UIInterfaceOrientationLandscapeRight";
				INFOPLIST_KEY_UISupportedInterfaceOrientations_iPhone = UIInterfaceOrientationPortrait;
				IPHONEOS_DEPLOYMENT_TARGET = 16.0;
				LD_RUNPATH_SEARCH_PATHS = (
					"$(inherited)",
					"@executable_path/Frameworks",
				);
				MARKETING_VERSION = 1.0;
				PRODUCT_BUNDLE_IDENTIFIER = "bunoza.Bela-Blok";
				PRODUCT_NAME = "$(TARGET_NAME)";
				SWIFT_EMIT_LOC_STRINGS = YES;
				SWIFT_VERSION = 5.0;
				TARGETED_DEVICE_FAMILY = "1,2";
			};
			name = Debug;
		};
		C57675B32AA384D1009CC959 /* Release */ = {
			isa = XCBuildConfiguration;
			buildSettings = {
				ASSETCATALOG_COMPILER_APPICON_NAME = AppIcon;
				ASSETCATALOG_COMPILER_GLOBAL_ACCENT_COLOR_NAME = AccentColor;
				CODE_SIGN_STYLE = Automatic;
				CURRENT_PROJECT_VERSION = 1;
				DEVELOPMENT_ASSET_PATHS = "\"Bela Blok/Resources/Preview Content\"";
				DEVELOPMENT_TEAM = 8Y9TGD2PJD;
				ENABLE_PREVIEWS = YES;
				GENERATE_INFOPLIST_FILE = YES;
				INFOPLIST_KEY_UIApplicationSceneManifest_Generation = YES;
				INFOPLIST_KEY_UIApplicationSupportsIndirectInputEvents = YES;
				INFOPLIST_KEY_UILaunchScreen_Generation = YES;
				INFOPLIST_KEY_UISupportedInterfaceOrientations_iPad = "UIInterfaceOrientationPortrait UIInterfaceOrientationPortraitUpsideDown UIInterfaceOrientationLandscapeLeft UIInterfaceOrientationLandscapeRight";
				INFOPLIST_KEY_UISupportedInterfaceOrientations_iPhone = UIInterfaceOrientationPortrait;
				IPHONEOS_DEPLOYMENT_TARGET = 16.0;
				LD_RUNPATH_SEARCH_PATHS = (
					"$(inherited)",
					"@executable_path/Frameworks",
				);
				MARKETING_VERSION = 1.0;
				PRODUCT_BUNDLE_IDENTIFIER = "bunoza.Bela-Blok";
				PRODUCT_NAME = "$(TARGET_NAME)";
				SWIFT_EMIT_LOC_STRINGS = YES;
				SWIFT_VERSION = 5.0;
				TARGETED_DEVICE_FAMILY = "1,2";
			};
			name = Release;
		};
/* End XCBuildConfiguration section */

/* Begin XCConfigurationList section */
		C576759E2AA384CE009CC959 /* Build configuration list for PBXProject "Bela Blok" */ = {
			isa = XCConfigurationList;
			buildConfigurations = (
				C57675AF2AA384D1009CC959 /* Debug */,
				C57675B02AA384D1009CC959 /* Release */,
			);
			defaultConfigurationIsVisible = 0;
			defaultConfigurationName = Release;
		};
		C57675B12AA384D1009CC959 /* Build configuration list for PBXNativeTarget "Bela Blok" */ = {
			isa = XCConfigurationList;
			buildConfigurations = (
				C57675B22AA384D1009CC959 /* Debug */,
				C57675B32AA384D1009CC959 /* Release */,
			);
			defaultConfigurationIsVisible = 0;
			defaultConfigurationName = Release;
		};
/* End XCConfigurationList section */
	};
	rootObject = C576759B2AA384CE009CC959 /* Project object */;
}
