// !$*UTF8*$!
{
	archiveVersion = 1;
	classes = {
	};
	objectVersion = 56;
	objects = {

/* Begin PBXBuildFile section */
		C5035CCF2AA4ABEC00B3F3C3 /* CustomUserDefaultsObject.swift in Sources */ = {isa = PBXBuildFile; fileRef = C5035CCE2AA4ABEC00B3F3C3 /* CustomUserDefaultsObject.swift */; };
		C5035CD12AA4ADC100B3F3C3 /* MainViewModel.swift in Sources */ = {isa = PBXBuildFile; fileRef = C5035CD02AA4ADC100B3F3C3 /* MainViewModel.swift */; };
		C5035CD32AA4AF6300B3F3C3 /* InputViewModel.swift in Sources */ = {isa = PBXBuildFile; fileRef = C5035CD22AA4AF6300B3F3C3 /* InputViewModel.swift */; };
		C512C0C32ADBF04000E0A15A /* FirebaseAnalytics in Frameworks */ = {isa = PBXBuildFile; productRef = C512C0C22ADBF04000E0A15A /* FirebaseAnalytics */; };
		C512C0C52ADBF04000E0A15A /* FirebaseAnalyticsOnDeviceConversion in Frameworks */ = {isa = PBXBuildFile; productRef = C512C0C42ADBF04000E0A15A /* FirebaseAnalyticsOnDeviceConversion */; };
		C512C0C72ADBF04000E0A15A /* FirebaseAnalyticsSwift in Frameworks */ = {isa = PBXBuildFile; productRef = C512C0C62ADBF04000E0A15A /* FirebaseAnalyticsSwift */; };
		C512C0C92ADBF04000E0A15A /* FirebaseAnalyticsWithoutAdIdSupport in Frameworks */ = {isa = PBXBuildFile; productRef = C512C0C82ADBF04000E0A15A /* FirebaseAnalyticsWithoutAdIdSupport */; };
		C512C0CB2ADBF04100E0A15A /* FirebaseAppCheck in Frameworks */ = {isa = PBXBuildFile; productRef = C512C0CA2ADBF04000E0A15A /* FirebaseAppCheck */; };
		C512C0CD2ADBF04100E0A15A /* FirebaseAppDistribution-Beta in Frameworks */ = {isa = PBXBuildFile; productRef = C512C0CC2ADBF04100E0A15A /* FirebaseAppDistribution-Beta */; };
		C512C0D12ADBF04100E0A15A /* FirebaseAuthCombine-Community in Frameworks */ = {isa = PBXBuildFile; productRef = C512C0D02ADBF04100E0A15A /* FirebaseAuthCombine-Community */; };
		C512C0D32ADBF04100E0A15A /* FirebaseCrashlytics in Frameworks */ = {isa = PBXBuildFile; productRef = C512C0D22ADBF04100E0A15A /* FirebaseCrashlytics */; };
		C512C0D52ADBF04100E0A15A /* FirebaseDatabase in Frameworks */ = {isa = PBXBuildFile; productRef = C512C0D42ADBF04100E0A15A /* FirebaseDatabase */; };
		C512C0D92ADBF04100E0A15A /* FirebaseDynamicLinks in Frameworks */ = {isa = PBXBuildFile; productRef = C512C0D82ADBF04100E0A15A /* FirebaseDynamicLinks */; };
		C512C0DB2ADBF04100E0A15A /* FirebaseFirestore in Frameworks */ = {isa = PBXBuildFile; productRef = C512C0DA2ADBF04100E0A15A /* FirebaseFirestore */; };
		C512C0DD2ADBF04100E0A15A /* FirebaseFirestoreCombine-Community in Frameworks */ = {isa = PBXBuildFile; productRef = C512C0DC2ADBF04100E0A15A /* FirebaseFirestoreCombine-Community */; };
		C512C0E12ADBF04100E0A15A /* FirebaseFunctions in Frameworks */ = {isa = PBXBuildFile; productRef = C512C0E02ADBF04100E0A15A /* FirebaseFunctions */; };
		C512C0E32ADBF04100E0A15A /* FirebaseFunctionsCombine-Community in Frameworks */ = {isa = PBXBuildFile; productRef = C512C0E22ADBF04100E0A15A /* FirebaseFunctionsCombine-Community */; };
		C512C0E92ADBF04100E0A15A /* FirebaseInstallations in Frameworks */ = {isa = PBXBuildFile; productRef = C512C0E82ADBF04100E0A15A /* FirebaseInstallations */; };
		C512C0EF2ADBF04100E0A15A /* FirebasePerformance in Frameworks */ = {isa = PBXBuildFile; productRef = C512C0EE2ADBF04100E0A15A /* FirebasePerformance */; };
		C512C0F12ADBF04100E0A15A /* FirebaseRemoteConfig in Frameworks */ = {isa = PBXBuildFile; productRef = C512C0F02ADBF04100E0A15A /* FirebaseRemoteConfig */; };
		C512C0F32ADBF04100E0A15A /* FirebaseRemoteConfigSwift in Frameworks */ = {isa = PBXBuildFile; productRef = C512C0F22ADBF04100E0A15A /* FirebaseRemoteConfigSwift */; };
		C512C0F52ADBF04100E0A15A /* FirebaseStorage in Frameworks */ = {isa = PBXBuildFile; productRef = C512C0F42ADBF04100E0A15A /* FirebaseStorage */; };
		C512C0F72ADBF04100E0A15A /* FirebaseStorageCombine-Community in Frameworks */ = {isa = PBXBuildFile; productRef = C512C0F62ADBF04100E0A15A /* FirebaseStorageCombine-Community */; };
		C512C0F82ADBF32A00E0A15A /* GoogleService-Info.plist in Resources */ = {isa = PBXBuildFile; fileRef = C512C0C02ADBEF2A00E0A15A /* GoogleService-Info.plist */; };
		C5305F082AC9A9A1007F1914 /* Constants.swift in Sources */ = {isa = PBXBuildFile; fileRef = C5305F072AC9A9A1007F1914 /* Constants.swift */; };
		C5305F0B2ACA2691007F1914 /* StatsView.swift in Sources */ = {isa = PBXBuildFile; fileRef = C5305F0A2ACA2691007F1914 /* StatsView.swift */; };
		C5305F0D2ACA26BB007F1914 /* StatsViewModel.swift in Sources */ = {isa = PBXBuildFile; fileRef = C5305F0C2ACA26BB007F1914 /* StatsViewModel.swift */; };
		C548AF022B49A8E500B49C45 /* PossibleGameEndScores.swift in Sources */ = {isa = PBXBuildFile; fileRef = C548AF012B49A8E500B49C45 /* PossibleGameEndScores.swift */; };
		C57675A72AA384CE009CC959 /* Bela_BlokApp.swift in Sources */ = {isa = PBXBuildFile; fileRef = C57675A62AA384CE009CC959 /* Bela_BlokApp.swift */; };
		C57675A92AA384CE009CC959 /* MainView.swift in Sources */ = {isa = PBXBuildFile; fileRef = C57675A82AA384CE009CC959 /* MainView.swift */; };
		C57675AB2AA384D1009CC959 /* Assets.xcassets in Resources */ = {isa = PBXBuildFile; fileRef = C57675AA2AA384D1009CC959 /* Assets.xcassets */; };
		C57675AE2AA384D1009CC959 /* Preview Assets.xcassets in Resources */ = {isa = PBXBuildFile; fileRef = C57675AD2AA384D1009CC959 /* Preview Assets.xcassets */; };
		C57675B52AA387D0009CC959 /* ResultRow.swift in Sources */ = {isa = PBXBuildFile; fileRef = C57675B42AA387D0009CC959 /* ResultRow.swift */; };
		C599C4F42AB762590011CA2B /* DealerView.swift in Sources */ = {isa = PBXBuildFile; fileRef = C599C4F32AB762590011CA2B /* DealerView.swift */; };
		C599C4F72AB77FE70011CA2B /* HistoryView.swift in Sources */ = {isa = PBXBuildFile; fileRef = C599C4F62AB77FE70011CA2B /* HistoryView.swift */; };
		C599C4F92AB77FF80011CA2B /* HistoryViewModel.swift in Sources */ = {isa = PBXBuildFile; fileRef = C599C4F82AB77FF80011CA2B /* HistoryViewModel.swift */; };
		C59C1BDA2AB5FC4300E34056 /* Dealer.swift in Sources */ = {isa = PBXBuildFile; fileRef = C59C1BD92AB5FC4300E34056 /* Dealer.swift */; };
		C59C1BDD2AB5FDB400E34056 /* Caller.swift in Sources */ = {isa = PBXBuildFile; fileRef = C59C1BDC2AB5FDB400E34056 /* Caller.swift */; };
		C5A3E2092AA4AA700016EC3C /* AppState.swift in Sources */ = {isa = PBXBuildFile; fileRef = C5A3E2082AA4AA700016EC3C /* AppState.swift */; };
		C5A9C3292AD2DB10003523B5 /* View+Helpers.swift in Sources */ = {isa = PBXBuildFile; fileRef = C5A9C3282AD2DB10003523B5 /* View+Helpers.swift */; };
		C5B2EE4F2ADB20A800CA476D /* LottieView.swift in Sources */ = {isa = PBXBuildFile; fileRef = C5B2EE4E2ADB20A800CA476D /* LottieView.swift */; };
		C5B2EE522ADB22BE00CA476D /* Lottie in Frameworks */ = {isa = PBXBuildFile; productRef = C5B2EE512ADB22BE00CA476D /* Lottie */; };
		C5B2EE542ADB22F600CA476D /* confetti-animation.json in Resources */ = {isa = PBXBuildFile; fileRef = C5B2EE532ADB22F600CA476D /* confetti-animation.json */; };
		C5CA55B82B17BCAE007B23C0 /* SettingsView.swift in Sources */ = {isa = PBXBuildFile; fileRef = C5CA55B72B17BCAE007B23C0 /* SettingsView.swift */; };
		C5DB888E2AA398E900D702E0 /* InputView.swift in Sources */ = {isa = PBXBuildFile; fileRef = C5DB888D2AA398E900D702E0 /* InputView.swift */; };
		C5DB88912AA39EC800D702E0 /* UnderlinedTextField.swift in Sources */ = {isa = PBXBuildFile; fileRef = C5DB88902AA39EC800D702E0 /* UnderlinedTextField.swift */; };
		C5DB88942AA3A42A00D702E0 /* Game.swift in Sources */ = {isa = PBXBuildFile; fileRef = C5DB88932AA3A42A00D702E0 /* Game.swift */; };
		C5DB88962AA3A74800D702E0 /* RoundedAccentButton.swift in Sources */ = {isa = PBXBuildFile; fileRef = C5DB88952AA3A74800D702E0 /* RoundedAccentButton.swift */; };
/* End PBXBuildFile section */

/* Begin PBXCopyFilesBuildPhase section */
		C5FA50D62AD305C000FC6F5E /* Embed Foundation Extensions */ = {
			isa = PBXCopyFilesBuildPhase;
			buildActionMask = 2147483647;
			dstPath = "";
			dstSubfolderSpec = 13;
			files = (
			);
			name = "Embed Foundation Extensions";
			runOnlyForDeploymentPostprocessing = 0;
		};
/* End PBXCopyFilesBuildPhase section */

/* Begin PBXFileReference section */
		C5035CCE2AA4ABEC00B3F3C3 /* CustomUserDefaultsObject.swift */ = {isa = PBXFileReference; lastKnownFileType = sourcecode.swift; path = CustomUserDefaultsObject.swift; sourceTree = "<group>"; };
		C5035CD02AA4ADC100B3F3C3 /* MainViewModel.swift */ = {isa = PBXFileReference; lastKnownFileType = sourcecode.swift; path = MainViewModel.swift; sourceTree = "<group>"; };
		C5035CD22AA4AF6300B3F3C3 /* InputViewModel.swift */ = {isa = PBXFileReference; lastKnownFileType = sourcecode.swift; path = InputViewModel.swift; sourceTree = "<group>"; };
		C512C0C02ADBEF2A00E0A15A /* GoogleService-Info.plist */ = {isa = PBXFileReference; lastKnownFileType = text.plist.xml; path = "GoogleService-Info.plist"; sourceTree = "<group>"; };
		C5305F072AC9A9A1007F1914 /* Constants.swift */ = {isa = PBXFileReference; lastKnownFileType = sourcecode.swift; path = Constants.swift; sourceTree = "<group>"; };
		C5305F0A2ACA2691007F1914 /* StatsView.swift */ = {isa = PBXFileReference; lastKnownFileType = sourcecode.swift; path = StatsView.swift; sourceTree = "<group>"; };
		C5305F0C2ACA26BB007F1914 /* StatsViewModel.swift */ = {isa = PBXFileReference; lastKnownFileType = sourcecode.swift; path = StatsViewModel.swift; sourceTree = "<group>"; };
		C548AF012B49A8E500B49C45 /* PossibleGameEndScores.swift */ = {isa = PBXFileReference; lastKnownFileType = sourcecode.swift; path = PossibleGameEndScores.swift; sourceTree = "<group>"; };
		C57675A32AA384CE009CC959 /* Bela Blok.app */ = {isa = PBXFileReference; explicitFileType = wrapper.application; includeInIndex = 0; path = "Bela Blok.app"; sourceTree = BUILT_PRODUCTS_DIR; };
		C57675A62AA384CE009CC959 /* Bela_BlokApp.swift */ = {isa = PBXFileReference; lastKnownFileType = sourcecode.swift; path = Bela_BlokApp.swift; sourceTree = "<group>"; };
		C57675A82AA384CE009CC959 /* MainView.swift */ = {isa = PBXFileReference; lastKnownFileType = sourcecode.swift; path = MainView.swift; sourceTree = "<group>"; };
		C57675AA2AA384D1009CC959 /* Assets.xcassets */ = {isa = PBXFileReference; lastKnownFileType = folder.assetcatalog; path = Assets.xcassets; sourceTree = "<group>"; };
		C57675AD2AA384D1009CC959 /* Preview Assets.xcassets */ = {isa = PBXFileReference; lastKnownFileType = folder.assetcatalog; path = "Preview Assets.xcassets"; sourceTree = "<group>"; };
		C57675B42AA387D0009CC959 /* ResultRow.swift */ = {isa = PBXFileReference; lastKnownFileType = sourcecode.swift; path = ResultRow.swift; sourceTree = "<group>"; };
		C599C4F32AB762590011CA2B /* DealerView.swift */ = {isa = PBXFileReference; lastKnownFileType = sourcecode.swift; path = DealerView.swift; sourceTree = "<group>"; };
		C599C4F62AB77FE70011CA2B /* HistoryView.swift */ = {isa = PBXFileReference; lastKnownFileType = sourcecode.swift; path = HistoryView.swift; sourceTree = "<group>"; };
		C599C4F82AB77FF80011CA2B /* HistoryViewModel.swift */ = {isa = PBXFileReference; lastKnownFileType = sourcecode.swift; path = HistoryViewModel.swift; sourceTree = "<group>"; };
		C59C1BD92AB5FC4300E34056 /* Dealer.swift */ = {isa = PBXFileReference; lastKnownFileType = sourcecode.swift; path = Dealer.swift; sourceTree = "<group>"; };
		C59C1BDC2AB5FDB400E34056 /* Caller.swift */ = {isa = PBXFileReference; lastKnownFileType = sourcecode.swift; path = Caller.swift; sourceTree = "<group>"; };
		C5A3E2082AA4AA700016EC3C /* AppState.swift */ = {isa = PBXFileReference; lastKnownFileType = sourcecode.swift; path = AppState.swift; sourceTree = "<group>"; };
		C5A9C3282AD2DB10003523B5 /* View+Helpers.swift */ = {isa = PBXFileReference; lastKnownFileType = sourcecode.swift; path = "View+Helpers.swift"; sourceTree = "<group>"; };
		C5B2EE4E2ADB20A800CA476D /* LottieView.swift */ = {isa = PBXFileReference; lastKnownFileType = sourcecode.swift; path = LottieView.swift; sourceTree = "<group>"; };
		C5B2EE532ADB22F600CA476D /* confetti-animation.json */ = {isa = PBXFileReference; fileEncoding = 4; lastKnownFileType = text.json; path = "confetti-animation.json"; sourceTree = "<group>"; };
		C5CA55B72B17BCAE007B23C0 /* SettingsView.swift */ = {isa = PBXFileReference; lastKnownFileType = sourcecode.swift; path = SettingsView.swift; sourceTree = "<group>"; };
		C5DB888D2AA398E900D702E0 /* InputView.swift */ = {isa = PBXFileReference; lastKnownFileType = sourcecode.swift; path = InputView.swift; sourceTree = "<group>"; };
		C5DB88902AA39EC800D702E0 /* UnderlinedTextField.swift */ = {isa = PBXFileReference; lastKnownFileType = sourcecode.swift; path = UnderlinedTextField.swift; sourceTree = "<group>"; };
		C5DB88932AA3A42A00D702E0 /* Game.swift */ = {isa = PBXFileReference; lastKnownFileType = sourcecode.swift; path = Game.swift; sourceTree = "<group>"; };
		C5DB88952AA3A74800D702E0 /* RoundedAccentButton.swift */ = {isa = PBXFileReference; lastKnownFileType = sourcecode.swift; path = RoundedAccentButton.swift; sourceTree = "<group>"; };
		C5FA50C02AD305BF00FC6F5E /* WidgetKit.framework */ = {isa = PBXFileReference; lastKnownFileType = wrapper.framework; name = WidgetKit.framework; path = System/Library/Frameworks/WidgetKit.framework; sourceTree = SDKROOT; };
		C5FA50C22AD305BF00FC6F5E /* SwiftUI.framework */ = {isa = PBXFileReference; lastKnownFileType = wrapper.framework; name = SwiftUI.framework; path = System/Library/Frameworks/SwiftUI.framework; sourceTree = SDKROOT; };
/* End PBXFileReference section */

/* Begin PBXFrameworksBuildPhase section */
		C57675A02AA384CE009CC959 /* Frameworks */ = {
			isa = PBXFrameworksBuildPhase;
			buildActionMask = 2147483647;
			files = (
				C512C0E12ADBF04100E0A15A /* FirebaseFunctions in Frameworks */,
				C512C0CD2ADBF04100E0A15A /* FirebaseAppDistribution-Beta in Frameworks */,
				C512C0D12ADBF04100E0A15A /* FirebaseAuthCombine-Community in Frameworks */,
				C512C0DD2ADBF04100E0A15A /* FirebaseFirestoreCombine-Community in Frameworks */,
				C512C0C72ADBF04000E0A15A /* FirebaseAnalyticsSwift in Frameworks */,
				C512C0C92ADBF04000E0A15A /* FirebaseAnalyticsWithoutAdIdSupport in Frameworks */,
				C512C0C32ADBF04000E0A15A /* FirebaseAnalytics in Frameworks */,
				C512C0C52ADBF04000E0A15A /* FirebaseAnalyticsOnDeviceConversion in Frameworks */,
				C512C0CB2ADBF04100E0A15A /* FirebaseAppCheck in Frameworks */,
				C512C0EF2ADBF04100E0A15A /* FirebasePerformance in Frameworks */,
				C512C0E32ADBF04100E0A15A /* FirebaseFunctionsCombine-Community in Frameworks */,
				C512C0D32ADBF04100E0A15A /* FirebaseCrashlytics in Frameworks */,
				C512C0E92ADBF04100E0A15A /* FirebaseInstallations in Frameworks */,
				C512C0F12ADBF04100E0A15A /* FirebaseRemoteConfig in Frameworks */,
				C512C0F52ADBF04100E0A15A /* FirebaseStorage in Frameworks */,
				C512C0D52ADBF04100E0A15A /* FirebaseDatabase in Frameworks */,
				C512C0F72ADBF04100E0A15A /* FirebaseStorageCombine-Community in Frameworks */,
				C5B2EE522ADB22BE00CA476D /* Lottie in Frameworks */,
				C512C0D92ADBF04100E0A15A /* FirebaseDynamicLinks in Frameworks */,
				C512C0DB2ADBF04100E0A15A /* FirebaseFirestore in Frameworks */,
				C512C0F32ADBF04100E0A15A /* FirebaseRemoteConfigSwift in Frameworks */,
			);
			runOnlyForDeploymentPostprocessing = 0;
		};
/* End PBXFrameworksBuildPhase section */

/* Begin PBXGroup section */
		C5035CCD2AA4ABD900B3F3C3 /* Wrapper */ = {
			isa = PBXGroup;
			children = (
				C5035CCE2AA4ABEC00B3F3C3 /* CustomUserDefaultsObject.swift */,
			);
			path = Wrapper;
			sourceTree = "<group>";
		};
		C5305F092ACA2684007F1914 /* StatsModule */ = {
			isa = PBXGroup;
			children = (
				C5305F0A2ACA2691007F1914 /* StatsView.swift */,
				C5305F0C2ACA26BB007F1914 /* StatsViewModel.swift */,
				C5A9C3282AD2DB10003523B5 /* View+Helpers.swift */,
			);
			path = StatsModule;
			sourceTree = "<group>";
		};
		C54739C22AA3961F0097BAFD /* Resources */ = {
			isa = PBXGroup;
			children = (
				C5B2EE532ADB22F600CA476D /* confetti-animation.json */,
				C57675AC2AA384D1009CC959 /* Preview Content */,
				C57675AA2AA384D1009CC959 /* Assets.xcassets */,
			);
			path = Resources;
			sourceTree = "<group>";
		};
		C54739C32AA396380097BAFD /* Sources */ = {
			isa = PBXGroup;
			children = (
				C54739C42AA396520097BAFD /* Modules */,
				C57675A62AA384CE009CC959 /* Bela_BlokApp.swift */,
				C5A3E2082AA4AA700016EC3C /* AppState.swift */,
			);
			path = Sources;
			sourceTree = "<group>";
		};
		C54739C42AA396520097BAFD /* Modules */ = {
			isa = PBXGroup;
			children = (
				C5CA55B62B17BC9D007B23C0 /* SettingsModule */,
				C5305F092ACA2684007F1914 /* StatsModule */,
				C599C4F52AB77FD60011CA2B /* HistoryModule */,
				C59C1BD72AB5F8AB00E34056 /* Common */,
				C5DB888C2AA398DB00D702E0 /* InputModule */,
				C54739C52AA396570097BAFD /* MainModule */,
			);
			path = Modules;
			sourceTree = "<group>";
		};
		C54739C52AA396570097BAFD /* MainModule */ = {
			isa = PBXGroup;
			children = (
				C59C1BD82AB5FC3800E34056 /* Model */,
				C54739C62AA396620097BAFD /* SupportingView */,
				C57675A82AA384CE009CC959 /* MainView.swift */,
				C5035CD02AA4ADC100B3F3C3 /* MainViewModel.swift */,
			);
			path = MainModule;
			sourceTree = "<group>";
		};
		C54739C62AA396620097BAFD /* SupportingView */ = {
			isa = PBXGroup;
			children = (
				C57675B42AA387D0009CC959 /* ResultRow.swift */,
				C599C4F32AB762590011CA2B /* DealerView.swift */,
				C5B2EE4E2ADB20A800CA476D /* LottieView.swift */,
			);
			path = SupportingView;
			sourceTree = "<group>";
		};
		C548AF002B49A8C900B49C45 /* Models */ = {
			isa = PBXGroup;
			children = (
				C548AF012B49A8E500B49C45 /* PossibleGameEndScores.swift */,
			);
			path = Models;
			sourceTree = "<group>";
		};
		C576759A2AA384CE009CC959 = {
			isa = PBXGroup;
			children = (
				C57675A52AA384CE009CC959 /* Bela Blok */,
				C5FA50BF2AD305BF00FC6F5E /* Frameworks */,
				C57675A42AA384CE009CC959 /* Products */,
			);
			sourceTree = "<group>";
		};
		C57675A42AA384CE009CC959 /* Products */ = {
			isa = PBXGroup;
			children = (
				C57675A32AA384CE009CC959 /* Bela Blok.app */,
			);
			name = Products;
			sourceTree = "<group>";
		};
		C57675A52AA384CE009CC959 /* Bela Blok */ = {
			isa = PBXGroup;
			children = (
				C512C0C02ADBEF2A00E0A15A /* GoogleService-Info.plist */,
				C54739C32AA396380097BAFD /* Sources */,
				C54739C22AA3961F0097BAFD /* Resources */,
			);
			path = "Bela Blok";
			sourceTree = "<group>";
		};
		C57675AC2AA384D1009CC959 /* Preview Content */ = {
			isa = PBXGroup;
			children = (
				C57675AD2AA384D1009CC959 /* Preview Assets.xcassets */,
			);
			path = "Preview Content";
			sourceTree = "<group>";
		};
		C599C4F52AB77FD60011CA2B /* HistoryModule */ = {
			isa = PBXGroup;
			children = (
				C599C4F62AB77FE70011CA2B /* HistoryView.swift */,
				C599C4F82AB77FF80011CA2B /* HistoryViewModel.swift */,
			);
			path = HistoryModule;
			sourceTree = "<group>";
		};
		C59C1BD72AB5F8AB00E34056 /* Common */ = {
			isa = PBXGroup;
			children = (
				C5DB88922AA3A41800D702E0 /* Model */,
			);
			path = Common;
			sourceTree = "<group>";
		};
		C59C1BD82AB5FC3800E34056 /* Model */ = {
			isa = PBXGroup;
			children = (
				C59C1BD92AB5FC4300E34056 /* Dealer.swift */,
			);
			path = Model;
			sourceTree = "<group>";
		};
		C59C1BDB2AB5FDAB00E34056 /* Model */ = {
			isa = PBXGroup;
			children = (
				C59C1BDC2AB5FDB400E34056 /* Caller.swift */,
			);
			path = Model;
			sourceTree = "<group>";
		};
		C5CA55B62B17BC9D007B23C0 /* SettingsModule */ = {
			isa = PBXGroup;
			children = (
				C548AF002B49A8C900B49C45 /* Models */,
				C5CA55B72B17BCAE007B23C0 /* SettingsView.swift */,
			);
			path = SettingsModule;
			sourceTree = "<group>";
		};
		C5DB888C2AA398DB00D702E0 /* InputModule */ = {
			isa = PBXGroup;
			children = (
				C59C1BDB2AB5FDAB00E34056 /* Model */,
				C5DB888F2AA39EB400D702E0 /* SupportingView */,
				C5DB888D2AA398E900D702E0 /* InputView.swift */,
				C5035CD22AA4AF6300B3F3C3 /* InputViewModel.swift */,
			);
			path = InputModule;
			sourceTree = "<group>";
		};
		C5DB888F2AA39EB400D702E0 /* SupportingView */ = {
			isa = PBXGroup;
			children = (
				C5DB88902AA39EC800D702E0 /* UnderlinedTextField.swift */,
				C5DB88952AA3A74800D702E0 /* RoundedAccentButton.swift */,
			);
			path = SupportingView;
			sourceTree = "<group>";
		};
		C5DB88922AA3A41800D702E0 /* Model */ = {
			isa = PBXGroup;
			children = (
				C5035CCD2AA4ABD900B3F3C3 /* Wrapper */,
				C5DB88932AA3A42A00D702E0 /* Game.swift */,
				C5305F072AC9A9A1007F1914 /* Constants.swift */,
			);
			path = Model;
			sourceTree = "<group>";
		};
		C5FA50BF2AD305BF00FC6F5E /* Frameworks */ = {
			isa = PBXGroup;
			children = (
				C5FA50C02AD305BF00FC6F5E /* WidgetKit.framework */,
				C5FA50C22AD305BF00FC6F5E /* SwiftUI.framework */,
			);
			name = Frameworks;
			sourceTree = "<group>";
		};
/* End PBXGroup section */

/* Begin PBXNativeTarget section */
		C57675A22AA384CE009CC959 /* Bela Blok */ = {
			isa = PBXNativeTarget;
			buildConfigurationList = C57675B12AA384D1009CC959 /* Build configuration list for PBXNativeTarget "Bela Blok" */;
			buildPhases = (
				C576759F2AA384CE009CC959 /* Sources */,
				C57675A02AA384CE009CC959 /* Frameworks */,
				C57675A12AA384CE009CC959 /* Resources */,
				C5FA50D62AD305C000FC6F5E /* Embed Foundation Extensions */,
			);
			buildRules = (
			);
			dependencies = (
			);
			name = "Bela Blok";
			packageProductDependencies = (
				C5B2EE512ADB22BE00CA476D /* Lottie */,
				C512C0C22ADBF04000E0A15A /* FirebaseAnalytics */,
				C512C0C42ADBF04000E0A15A /* FirebaseAnalyticsOnDeviceConversion */,
				C512C0C62ADBF04000E0A15A /* FirebaseAnalyticsSwift */,
				C512C0C82ADBF04000E0A15A /* FirebaseAnalyticsWithoutAdIdSupport */,
				C512C0CA2ADBF04000E0A15A /* FirebaseAppCheck */,
				C512C0CC2ADBF04100E0A15A /* FirebaseAppDistribution-Beta */,
				C512C0D02ADBF04100E0A15A /* FirebaseAuthCombine-Community */,
				C512C0D22ADBF04100E0A15A /* FirebaseCrashlytics */,
				C512C0D42ADBF04100E0A15A /* FirebaseDatabase */,
				C512C0D82ADBF04100E0A15A /* FirebaseDynamicLinks */,
				C512C0DA2ADBF04100E0A15A /* FirebaseFirestore */,
				C512C0DC2ADBF04100E0A15A /* FirebaseFirestoreCombine-Community */,
				C512C0E02ADBF04100E0A15A /* FirebaseFunctions */,
				C512C0E22ADBF04100E0A15A /* FirebaseFunctionsCombine-Community */,
				C512C0E82ADBF04100E0A15A /* FirebaseInstallations */,
				C512C0EE2ADBF04100E0A15A /* FirebasePerformance */,
				C512C0F02ADBF04100E0A15A /* FirebaseRemoteConfig */,
				C512C0F22ADBF04100E0A15A /* FirebaseRemoteConfigSwift */,
				C512C0F42ADBF04100E0A15A /* FirebaseStorage */,
				C512C0F62ADBF04100E0A15A /* FirebaseStorageCombine-Community */,
			);
			productName = "Bela Blok";
			productReference = C57675A32AA384CE009CC959 /* Bela Blok.app */;
			productType = "com.apple.product-type.application";
		};
/* End PBXNativeTarget section */

/* Begin PBXProject section */
		C576759B2AA384CE009CC959 /* Project object */ = {
			isa = PBXProject;
			attributes = {
				BuildIndependentTargetsInParallel = 1;
				LastSwiftUpdateCheck = 1500;
				LastUpgradeCheck = 1430;
				TargetAttributes = {
					C57675A22AA384CE009CC959 = {
						CreatedOnToolsVersion = 14.3.1;
					};
				};
			};
			buildConfigurationList = C576759E2AA384CE009CC959 /* Build configuration list for PBXProject "Bela Blok" */;
			compatibilityVersion = "Xcode 14.0";
			developmentRegion = en;
			hasScannedForEncodings = 0;
			knownRegions = (
				en,
				Base,
			);
			mainGroup = C576759A2AA384CE009CC959;
			packageReferences = (
				C5B2EE502ADB22BE00CA476D /* XCRemoteSwiftPackageReference "lottie-ios" */,
				C512C0C12ADBF04000E0A15A /* XCRemoteSwiftPackageReference "firebase-ios-sdk" */,
			);
			productRefGroup = C57675A42AA384CE009CC959 /* Products */;
			projectDirPath = "";
			projectRoot = "";
			targets = (
				C57675A22AA384CE009CC959 /* Bela Blok */,
			);
		};
/* End PBXProject section */

/* Begin PBXResourcesBuildPhase section */
		C57675A12AA384CE009CC959 /* Resources */ = {
			isa = PBXResourcesBuildPhase;
			buildActionMask = 2147483647;
			files = (
				C512C0F82ADBF32A00E0A15A /* GoogleService-Info.plist in Resources */,
				C57675AE2AA384D1009CC959 /* Preview Assets.xcassets in Resources */,
				C57675AB2AA384D1009CC959 /* Assets.xcassets in Resources */,
				C5B2EE542ADB22F600CA476D /* confetti-animation.json in Resources */,
			);
			runOnlyForDeploymentPostprocessing = 0;
		};
/* End PBXResourcesBuildPhase section */

/* Begin PBXSourcesBuildPhase section */
		C576759F2AA384CE009CC959 /* Sources */ = {
			isa = PBXSourcesBuildPhase;
			buildActionMask = 2147483647;
			files = (
				C5DB88912AA39EC800D702E0 /* UnderlinedTextField.swift in Sources */,
				C57675A92AA384CE009CC959 /* MainView.swift in Sources */,
				C5DB88962AA3A74800D702E0 /* RoundedAccentButton.swift in Sources */,
				C59C1BDD2AB5FDB400E34056 /* Caller.swift in Sources */,
				C599C4F42AB762590011CA2B /* DealerView.swift in Sources */,
				C5A3E2092AA4AA700016EC3C /* AppState.swift in Sources */,
				C5DB888E2AA398E900D702E0 /* InputView.swift in Sources */,
				C599C4F72AB77FE70011CA2B /* HistoryView.swift in Sources */,
				C5305F0B2ACA2691007F1914 /* StatsView.swift in Sources */,
				C548AF022B49A8E500B49C45 /* PossibleGameEndScores.swift in Sources */,
				C5035CD12AA4ADC100B3F3C3 /* MainViewModel.swift in Sources */,
				C57675A72AA384CE009CC959 /* Bela_BlokApp.swift in Sources */,
				C5B2EE4F2ADB20A800CA476D /* LottieView.swift in Sources */,
				C5035CCF2AA4ABEC00B3F3C3 /* CustomUserDefaultsObject.swift in Sources */,
				C5A9C3292AD2DB10003523B5 /* View+Helpers.swift in Sources */,
				C5305F082AC9A9A1007F1914 /* Constants.swift in Sources */,
				C59C1BDA2AB5FC4300E34056 /* Dealer.swift in Sources */,
				C57675B52AA387D0009CC959 /* ResultRow.swift in Sources */,
				C5305F0D2ACA26BB007F1914 /* StatsViewModel.swift in Sources */,
				C5DB88942AA3A42A00D702E0 /* Game.swift in Sources */,
				C5035CD32AA4AF6300B3F3C3 /* InputViewModel.swift in Sources */,
				C599C4F92AB77FF80011CA2B /* HistoryViewModel.swift in Sources */,
				C5CA55B82B17BCAE007B23C0 /* SettingsView.swift in Sources */,
			);
			runOnlyForDeploymentPostprocessing = 0;
		};
/* End PBXSourcesBuildPhase section */

/* Begin XCBuildConfiguration section */
		C57675AF2AA384D1009CC959 /* Debug */ = {
			isa = XCBuildConfiguration;
			buildSettings = {
				ALWAYS_SEARCH_USER_PATHS = NO;
				ASSETCATALOG_COMPILER_GLOBAL_ACCENT_COLOR_NAME = "";
				CLANG_ANALYZER_NONNULL = YES;
				CLANG_ANALYZER_NUMBER_OBJECT_CONVERSION = YES_AGGRESSIVE;
				CLANG_CXX_LANGUAGE_STANDARD = "gnu++20";
				CLANG_ENABLE_MODULES = YES;
				CLANG_ENABLE_OBJC_ARC = YES;
				CLANG_ENABLE_OBJC_WEAK = YES;
				CLANG_WARN_BLOCK_CAPTURE_AUTORELEASING = YES;
				CLANG_WARN_BOOL_CONVERSION = YES;
				CLANG_WARN_COMMA = YES;
				CLANG_WARN_CONSTANT_CONVERSION = YES;
				CLANG_WARN_DEPRECATED_OBJC_IMPLEMENTATIONS = YES;
				CLANG_WARN_DIRECT_OBJC_ISA_USAGE = YES_ERROR;
				CLANG_WARN_DOCUMENTATION_COMMENTS = YES;
				CLANG_WARN_EMPTY_BODY = YES;
				CLANG_WARN_ENUM_CONVERSION = YES;
				CLANG_WARN_INFINITE_RECURSION = YES;
				CLANG_WARN_INT_CONVERSION = YES;
				CLANG_WARN_NON_LITERAL_NULL_CONVERSION = YES;
				CLANG_WARN_OBJC_IMPLICIT_RETAIN_SELF = YES;
				CLANG_WARN_OBJC_LITERAL_CONVERSION = YES;
				CLANG_WARN_OBJC_ROOT_CLASS = YES_ERROR;
				CLANG_WARN_QUOTED_INCLUDE_IN_FRAMEWORK_HEADER = YES;
				CLANG_WARN_RANGE_LOOP_ANALYSIS = YES;
				CLANG_WARN_STRICT_PROTOTYPES = YES;
				CLANG_WARN_SUSPICIOUS_MOVE = YES;
				CLANG_WARN_UNGUARDED_AVAILABILITY = YES_AGGRESSIVE;
				CLANG_WARN_UNREACHABLE_CODE = YES;
				CLANG_WARN__DUPLICATE_METHOD_MATCH = YES;
				COPY_PHASE_STRIP = NO;
				DEBUG_INFORMATION_FORMAT = dwarf;
				ENABLE_STRICT_OBJC_MSGSEND = YES;
				ENABLE_TESTABILITY = YES;
				GCC_C_LANGUAGE_STANDARD = gnu11;
				GCC_DYNAMIC_NO_PIC = NO;
				GCC_NO_COMMON_BLOCKS = YES;
				GCC_OPTIMIZATION_LEVEL = 0;
				GCC_PREPROCESSOR_DEFINITIONS = (
					"DEBUG=1",
					"$(inherited)",
				);
				GCC_WARN_64_TO_32_BIT_CONVERSION = YES;
				GCC_WARN_ABOUT_RETURN_TYPE = YES_ERROR;
				GCC_WARN_UNDECLARED_SELECTOR = YES;
				GCC_WARN_UNINITIALIZED_AUTOS = YES_AGGRESSIVE;
				GCC_WARN_UNUSED_FUNCTION = YES;
				GCC_WARN_UNUSED_VARIABLE = YES;
				IPHONEOS_DEPLOYMENT_TARGET = 16.0;
				MTL_ENABLE_DEBUG_INFO = INCLUDE_SOURCE;
				MTL_FAST_MATH = YES;
				ONLY_ACTIVE_ARCH = YES;
				SDKROOT = iphoneos;
				SWIFT_ACTIVE_COMPILATION_CONDITIONS = DEBUG;
				SWIFT_OPTIMIZATION_LEVEL = "-Onone";
			};
			name = Debug;
		};
		C57675B02AA384D1009CC959 /* Release */ = {
			isa = XCBuildConfiguration;
			buildSettings = {
				ALWAYS_SEARCH_USER_PATHS = NO;
				ASSETCATALOG_COMPILER_GLOBAL_ACCENT_COLOR_NAME = "";
				CLANG_ANALYZER_NONNULL = YES;
				CLANG_ANALYZER_NUMBER_OBJECT_CONVERSION = YES_AGGRESSIVE;
				CLANG_CXX_LANGUAGE_STANDARD = "gnu++20";
				CLANG_ENABLE_MODULES = YES;
				CLANG_ENABLE_OBJC_ARC = YES;
				CLANG_ENABLE_OBJC_WEAK = YES;
				CLANG_WARN_BLOCK_CAPTURE_AUTORELEASING = YES;
				CLANG_WARN_BOOL_CONVERSION = YES;
				CLANG_WARN_COMMA = YES;
				CLANG_WARN_CONSTANT_CONVERSION = YES;
				CLANG_WARN_DEPRECATED_OBJC_IMPLEMENTATIONS = YES;
				CLANG_WARN_DIRECT_OBJC_ISA_USAGE = YES_ERROR;
				CLANG_WARN_DOCUMENTATION_COMMENTS = YES;
				CLANG_WARN_EMPTY_BODY = YES;
				CLANG_WARN_ENUM_CONVERSION = YES;
				CLANG_WARN_INFINITE_RECURSION = YES;
				CLANG_WARN_INT_CONVERSION = YES;
				CLANG_WARN_NON_LITERAL_NULL_CONVERSION = YES;
				CLANG_WARN_OBJC_IMPLICIT_RETAIN_SELF = YES;
				CLANG_WARN_OBJC_LITERAL_CONVERSION = YES;
				CLANG_WARN_OBJC_ROOT_CLASS = YES_ERROR;
				CLANG_WARN_QUOTED_INCLUDE_IN_FRAMEWORK_HEADER = YES;
				CLANG_WARN_RANGE_LOOP_ANALYSIS = YES;
				CLANG_WARN_STRICT_PROTOTYPES = YES;
				CLANG_WARN_SUSPICIOUS_MOVE = YES;
				CLANG_WARN_UNGUARDED_AVAILABILITY = YES_AGGRESSIVE;
				CLANG_WARN_UNREACHABLE_CODE = YES;
				CLANG_WARN__DUPLICATE_METHOD_MATCH = YES;
				COPY_PHASE_STRIP = NO;
				DEBUG_INFORMATION_FORMAT = "dwarf-with-dsym";
				ENABLE_NS_ASSERTIONS = NO;
				ENABLE_STRICT_OBJC_MSGSEND = YES;
				GCC_C_LANGUAGE_STANDARD = gnu11;
				GCC_NO_COMMON_BLOCKS = YES;
				GCC_WARN_64_TO_32_BIT_CONVERSION = YES;
				GCC_WARN_ABOUT_RETURN_TYPE = YES_ERROR;
				GCC_WARN_UNDECLARED_SELECTOR = YES;
				GCC_WARN_UNINITIALIZED_AUTOS = YES_AGGRESSIVE;
				GCC_WARN_UNUSED_FUNCTION = YES;
				GCC_WARN_UNUSED_VARIABLE = YES;
				IPHONEOS_DEPLOYMENT_TARGET = 16.0;
				MTL_ENABLE_DEBUG_INFO = NO;
				MTL_FAST_MATH = YES;
				SDKROOT = iphoneos;
				SWIFT_COMPILATION_MODE = wholemodule;
				SWIFT_OPTIMIZATION_LEVEL = "-O";
				VALIDATE_PRODUCT = YES;
			};
			name = Release;
		};
		C57675B22AA384D1009CC959 /* Debug */ = {
			isa = XCBuildConfiguration;
			buildSettings = {
				ASSETCATALOG_COMPILER_APPICON_NAME = AppIcon;
				ASSETCATALOG_COMPILER_GLOBAL_ACCENT_COLOR_NAME = AccentColor;
				CODE_SIGN_IDENTITY = "Apple Development";
				CODE_SIGN_STYLE = Automatic;
				CURRENT_PROJECT_VERSION = 1;
				DEVELOPMENT_ASSET_PATHS = "\"Bela Blok/Resources/Preview Content\"";
				DEVELOPMENT_TEAM = 8Y9TGD2PJD;
				ENABLE_PREVIEWS = YES;
				GENERATE_INFOPLIST_FILE = YES;
				INFOPLIST_FILE = "Bela-Blok-Info.plist";
				INFOPLIST_KEY_NSSupportsLiveActivities = YES;
				INFOPLIST_KEY_UIApplicationSceneManifest_Generation = YES;
				INFOPLIST_KEY_UIApplicationSupportsIndirectInputEvents = YES;
				INFOPLIST_KEY_UISupportedInterfaceOrientations = UIInterfaceOrientationPortrait;
				IPHONEOS_DEPLOYMENT_TARGET = 16.0;
				LD_RUNPATH_SEARCH_PATHS = (
					"$(inherited)",
					"@executable_path/Frameworks",
				);
				MARKETING_VERSION = 1.0;
				OTHER_LDFLAGS = "-ObjC";
				PRODUCT_BUNDLE_IDENTIFIER = "bunoza.Bela-Blok";
				PRODUCT_NAME = "$(TARGET_NAME)";
				PROVISIONING_PROFILE_SPECIFIER = "";
				SWIFT_EMIT_LOC_STRINGS = YES;
				SWIFT_VERSION = 5.0;
				TARGETED_DEVICE_FAMILY = "1,2";
			};
			name = Debug;
		};
		C57675B32AA384D1009CC959 /* Release */ = {
			isa = XCBuildConfiguration;
			buildSettings = {
				ASSETCATALOG_COMPILER_APPICON_NAME = AppIcon;
				ASSETCATALOG_COMPILER_GLOBAL_ACCENT_COLOR_NAME = AccentColor;
				CODE_SIGN_IDENTITY = "Apple Development";
				CODE_SIGN_STYLE = Automatic;
				CURRENT_PROJECT_VERSION = 1;
				DEVELOPMENT_ASSET_PATHS = "\"Bela Blok/Resources/Preview Content\"";
				DEVELOPMENT_TEAM = 8Y9TGD2PJD;
				ENABLE_PREVIEWS = YES;
				GENERATE_INFOPLIST_FILE = YES;
				INFOPLIST_FILE = "Bela-Blok-Info.plist";
				INFOPLIST_KEY_NSSupportsLiveActivities = YES;
				INFOPLIST_KEY_UIApplicationSceneManifest_Generation = YES;
				INFOPLIST_KEY_UIApplicationSupportsIndirectInputEvents = YES;
				INFOPLIST_KEY_UISupportedInterfaceOrientations = UIInterfaceOrientationPortrait;
				IPHONEOS_DEPLOYMENT_TARGET = 16.0;
				LD_RUNPATH_SEARCH_PATHS = (
					"$(inherited)",
					"@executable_path/Frameworks",
				);
				MARKETING_VERSION = 1.0;
				OTHER_LDFLAGS = "-ObjC";
				PRODUCT_BUNDLE_IDENTIFIER = "bunoza.Bela-Blok";
				PRODUCT_NAME = "$(TARGET_NAME)";
				PROVISIONING_PROFILE_SPECIFIER = "";
				SWIFT_EMIT_LOC_STRINGS = YES;
				SWIFT_VERSION = 5.0;
				TARGETED_DEVICE_FAMILY = "1,2";
			};
			name = Release;
		};
/* End XCBuildConfiguration section */

/* Begin XCConfigurationList section */
		C576759E2AA384CE009CC959 /* Build configuration list for PBXProject "Bela Blok" */ = {
			isa = XCConfigurationList;
			buildConfigurations = (
				C57675AF2AA384D1009CC959 /* Debug */,
				C57675B02AA384D1009CC959 /* Release */,
			);
			defaultConfigurationIsVisible = 0;
			defaultConfigurationName = Release;
		};
		C57675B12AA384D1009CC959 /* Build configuration list for PBXNativeTarget "Bela Blok" */ = {
			isa = XCConfigurationList;
			buildConfigurations = (
				C57675B22AA384D1009CC959 /* Debug */,
				C57675B32AA384D1009CC959 /* Release */,
			);
			defaultConfigurationIsVisible = 0;
			defaultConfigurationName = Release;
		};
/* End XCConfigurationList section */

/* Begin XCRemoteSwiftPackageReference section */
		C512C0C12ADBF04000E0A15A /* XCRemoteSwiftPackageReference "firebase-ios-sdk" */ = {
			isa = XCRemoteSwiftPackageReference;
			repositoryURL = "https://github.com/firebase/firebase-ios-sdk";
			requirement = {
				kind = exactVersion;
				version = 10.16.0;
			};
		};
		C5B2EE502ADB22BE00CA476D /* XCRemoteSwiftPackageReference "lottie-ios" */ = {
			isa = XCRemoteSwiftPackageReference;
			repositoryURL = "https://github.com/airbnb/lottie-ios.git";
			requirement = {
				kind = exactVersion;
				version = 4.3.3;
			};
		};
/* End XCRemoteSwiftPackageReference section */

/* Begin XCSwiftPackageProductDependency section */
		C512C0C22ADBF04000E0A15A /* FirebaseAnalytics */ = {
			isa = XCSwiftPackageProductDependency;
			package = C512C0C12ADBF04000E0A15A /* XCRemoteSwiftPackageReference "firebase-ios-sdk" */;
			productName = FirebaseAnalytics;
		};
		C512C0C42ADBF04000E0A15A /* FirebaseAnalyticsOnDeviceConversion */ = {
			isa = XCSwiftPackageProductDependency;
			package = C512C0C12ADBF04000E0A15A /* XCRemoteSwiftPackageReference "firebase-ios-sdk" */;
			productName = FirebaseAnalyticsOnDeviceConversion;
		};
		C512C0C62ADBF04000E0A15A /* FirebaseAnalyticsSwift */ = {
			isa = XCSwiftPackageProductDependency;
			package = C512C0C12ADBF04000E0A15A /* XCRemoteSwiftPackageReference "firebase-ios-sdk" */;
			productName = FirebaseAnalyticsSwift;
		};
		C512C0C82ADBF04000E0A15A /* FirebaseAnalyticsWithoutAdIdSupport */ = {
			isa = XCSwiftPackageProductDependency;
			package = C512C0C12ADBF04000E0A15A /* XCRemoteSwiftPackageReference "firebase-ios-sdk" */;
			productName = FirebaseAnalyticsWithoutAdIdSupport;
		};
		C512C0CA2ADBF04000E0A15A /* FirebaseAppCheck */ = {
			isa = XCSwiftPackageProductDependency;
			package = C512C0C12ADBF04000E0A15A /* XCRemoteSwiftPackageReference "firebase-ios-sdk" */;
			productName = FirebaseAppCheck;
		};
		C512C0CC2ADBF04100E0A15A /* FirebaseAppDistribution-Beta */ = {
			isa = XCSwiftPackageProductDependency;
			package = C512C0C12ADBF04000E0A15A /* XCRemoteSwiftPackageReference "firebase-ios-sdk" */;
			productName = "FirebaseAppDistribution-Beta";
		};
		C512C0D02ADBF04100E0A15A /* FirebaseAuthCombine-Community */ = {
			isa = XCSwiftPackageProductDependency;
			package = C512C0C12ADBF04000E0A15A /* XCRemoteSwiftPackageReference "firebase-ios-sdk" */;
			productName = "FirebaseAuthCombine-Community";
		};
		C512C0D22ADBF04100E0A15A /* FirebaseCrashlytics */ = {
			isa = XCSwiftPackageProductDependency;
			package = C512C0C12ADBF04000E0A15A /* XCRemoteSwiftPackageReference "firebase-ios-sdk" */;
			productName = FirebaseCrashlytics;
		};
		C512C0D42ADBF04100E0A15A /* FirebaseDatabase */ = {
			isa = XCSwiftPackageProductDependency;
			package = C512C0C12ADBF04000E0A15A /* XCRemoteSwiftPackageReference "firebase-ios-sdk" */;
			productName = FirebaseDatabase;
		};
		C512C0D82ADBF04100E0A15A /* FirebaseDynamicLinks */ = {
			isa = XCSwiftPackageProductDependency;
			package = C512C0C12ADBF04000E0A15A /* XCRemoteSwiftPackageReference "firebase-ios-sdk" */;
			productName = FirebaseDynamicLinks;
		};
		C512C0DA2ADBF04100E0A15A /* FirebaseFirestore */ = {
			isa = XCSwiftPackageProductDependency;
			package = C512C0C12ADBF04000E0A15A /* XCRemoteSwiftPackageReference "firebase-ios-sdk" */;
			productName = FirebaseFirestore;
		};
		C512C0DC2ADBF04100E0A15A /* FirebaseFirestoreCombine-Community */ = {
			isa = XCSwiftPackageProductDependency;
			package = C512C0C12ADBF04000E0A15A /* XCRemoteSwiftPackageReference "firebase-ios-sdk" */;
			productName = "FirebaseFirestoreCombine-Community";
		};
		C512C0E02ADBF04100E0A15A /* FirebaseFunctions */ = {
			isa = XCSwiftPackageProductDependency;
			package = C512C0C12ADBF04000E0A15A /* XCRemoteSwiftPackageReference "firebase-ios-sdk" */;
			productName = FirebaseFunctions;
		};
		C512C0E22ADBF04100E0A15A /* FirebaseFunctionsCombine-Community */ = {
			isa = XCSwiftPackageProductDependency;
			package = C512C0C12ADBF04000E0A15A /* XCRemoteSwiftPackageReference "firebase-ios-sdk" */;
			productName = "FirebaseFunctionsCombine-Community";
		};
		C512C0E82ADBF04100E0A15A /* FirebaseInstallations */ = {
			isa = XCSwiftPackageProductDependency;
			package = C512C0C12ADBF04000E0A15A /* XCRemoteSwiftPackageReference "firebase-ios-sdk" */;
			productName = FirebaseInstallations;
		};
		C512C0EE2ADBF04100E0A15A /* FirebasePerformance */ = {
			isa = XCSwiftPackageProductDependency;
			package = C512C0C12ADBF04000E0A15A /* XCRemoteSwiftPackageReference "firebase-ios-sdk" */;
			productName = FirebasePerformance;
		};
		C512C0F02ADBF04100E0A15A /* FirebaseRemoteConfig */ = {
			isa = XCSwiftPackageProductDependency;
			package = C512C0C12ADBF04000E0A15A /* XCRemoteSwiftPackageReference "firebase-ios-sdk" */;
			productName = FirebaseRemoteConfig;
		};
		C512C0F22ADBF04100E0A15A /* FirebaseRemoteConfigSwift */ = {
			isa = XCSwiftPackageProductDependency;
			package = C512C0C12ADBF04000E0A15A /* XCRemoteSwiftPackageReference "firebase-ios-sdk" */;
			productName = FirebaseRemoteConfigSwift;
		};
		C512C0F42ADBF04100E0A15A /* FirebaseStorage */ = {
			isa = XCSwiftPackageProductDependency;
			package = C512C0C12ADBF04000E0A15A /* XCRemoteSwiftPackageReference "firebase-ios-sdk" */;
			productName = FirebaseStorage;
		};
		C512C0F62ADBF04100E0A15A /* FirebaseStorageCombine-Community */ = {
			isa = XCSwiftPackageProductDependency;
			package = C512C0C12ADBF04000E0A15A /* XCRemoteSwiftPackageReference "firebase-ios-sdk" */;
			productName = "FirebaseStorageCombine-Community";
		};
		C5B2EE512ADB22BE00CA476D /* Lottie */ = {
			isa = XCSwiftPackageProductDependency;
			package = C5B2EE502ADB22BE00CA476D /* XCRemoteSwiftPackageReference "lottie-ios" */;
			productName = Lottie;
		};
/* End XCSwiftPackageProductDependency section */
	};
	rootObject = C576759B2AA384CE009CC959 /* Project object */;
}
